{
  "name": "node_project",
  "version": "1.0.0",
  "lockfileVersion": 3,
  "requires": true,
  "packages": {
    "": {
      "name": "node_project",
      "version": "1.0.0",
      "license": "ISC",
      "dependencies": {
        "i_shape": "file:../i_shape"
      }
    },
    "../i_shape": {},
    "node_modules/i_shape": {
      "resolved": "../i_shape",
      "link": true
    }
  }
}
